
Microsoft Visual Studio Solution File, Format Version 12.00
# Visual Studio Version 17
VisualStudioVersion = 17.5.33530.505
MinimumVisualStudioVersion = 10.0.40219.1
Project("{FAE04EC0-301F-11D3-BF4B-00C04F79EFBC}") = "FrmPermisos", "FrmPermisos\FrmPermisos.csproj", "{CDD3C61F-14BA-4D1B-A0C2-F32930D94BAF}"
EndProject
Global
	GlobalSection(SolutionConfigurationPlatforms) = preSolution
		Debug|Any CPU = Debug|Any CPU
		Release|Any CPU = Release|Any CPU
	EndGlobalSection
	GlobalSection(ProjectConfigurationPlatforms) = postSolution
		{CDD3C61F-14BA-4D1B-A0C2-F32930D94BAF}.Debug|Any CPU.ActiveCfg = Debug|Any CPU
		{CDD3C61F-14BA-4D1B-A0C2-F32930D94BAF}.Debug|Any CPU.Build.0 = Debug|Any CPU
		{CDD3C61F-14BA-4D1B-A0C2-F32930D94BAF}.Release|Any CPU.ActiveCfg = Release|Any CPU
		{CDD3C61F-14BA-4D1B-A0C2-F32930D94BAF}.Release|Any CPU.Build.0 = Release|Any CPU
	EndGlobalSection
	GlobalSection(SolutionProperties) = preSolution
		HideSolutionNode = FALSE
	EndGlobalSection
	GlobalSection(ExtensibilityGlobals) = postSolution
		SolutionGuid = {8F7B0E1C-EA95-497C-A218-BA153790BD52}
	EndGlobalSection
EndGlobal
